{
  "name": "component",
  "lockfileVersion": 3,
  "requires": true,
  "packages": {
    "": {
      "dependencies": {
        "@webcomponents/html-imports": "^1.3.0",
        "@webcomponents/webcomponentsjs": "^2.7.0"
      }
    },
    "node_modules/@webcomponents/html-imports": {
      "version": "1.3.0",
      "resolved": "https://registry.npmjs.org/@webcomponents/html-imports/-/html-imports-1.3.0.tgz",
      "integrity": "sha512-hKL4b5myliQZD07PBoQVO+aRJedOeAnxJQ82YgKhS2d/UNglDeV8JFA37g42qhz5QAalPjOHeFPD9PJtalcCzQ=="
    },
    "node_modules/@webcomponents/webcomponentsjs": {
      "version": "2.7.0",
      "resolved": "https://registry.npmjs.org/@webcomponents/webcomponentsjs/-/webcomponentsjs-2.7.0.tgz",
      "integrity": "sha512-j161Z9oiy8k74vchdrQGihfSp7QulrTclCUiPo0D7JF6/RjpXAmB0ThlTAFlSElkgqg0vdFgNAXaX9ZHZy25wQ=="
    }
  }
}
