{
  "name": "happy",
  "version": "1.0.0",
  "lockfileVersion": 1,
  "requires": true,
  "dependencies": {
    "@hapi/accept": {
      "version": "5.0.1",
      "resolved": "https://registry.npm.taobao.org/@hapi/accept/download/@hapi/accept-5.0.1.tgz",
      "integrity": "sha1-BoVT6Gfw9jIlpQbtdOiZRBr1PhA=",
      "requires": {
        "@hapi/boom": "9.x.x",
        "@hapi/hoek": "9.x.x"
      }
    },
    "@hapi/ammo": {
      "version": "5.0.1",
      "resolved": "https://registry.npm.taobao.org/@hapi/ammo/download/@hapi/ammo-5.0.1.tgz",
      "integrity": "sha1-nTRWD1whTtpWPYOMASlzh++qtJA=",
      "requires": {
        "@hapi/hoek": "9.x.x"
      }
    },
    "@hapi/b64": {
      "version": "5.0.0",
      "resolved": "https://registry.npm.taobao.org/@hapi/b64/download/@hapi/b64-5.0.0.tgz",
      "integrity": "sha1-uCEMvXL0d0mF54Vpt36XSY0kJ30=",
      "requires": {
        "@hapi/hoek": "9.x.x"
      }
    },
    "@hapi/boom": {
      "version": "9.1.1",
      "resolved": "https://registry.npm.taobao.org/@hapi/boom/download/@hapi/boom-9.1.1.tgz?cache=0&sync_timestamp=1608135919115&other_urls=https%3A%2F%2Fregistry.npm.taobao.org%2F%40hapi%2Fboom%2Fdownload%2F%40hapi%2Fboom-9.1.1.tgz",
      "integrity": "sha1-iebw4BY3wqQijaDRE+gVfJNnewQ=",
      "requires": {
        "@hapi/hoek": "9.x.x"
      }
    },
    "@hapi/bounce": {
      "version": "2.0.0",
      "resolved": "https://registry.npm.taobao.org/@hapi/bounce/download/@hapi/bounce-2.0.0.tgz",
      "integrity": "sha1-5u9WmRw2ax4nOLLNg7ATVNk4zz0=",
      "requires": {
        "@hapi/boom": "9.x.x",
        "@hapi/hoek": "9.x.x"
      }
    },
    "@hapi/bourne": {
      "version": "2.0.0",
      "resolved": "https://registry.npm.taobao.org/@hapi/bourne/download/@hapi/bourne-2.0.0.tgz",
      "integrity": "sha1-W7IZPraFwAB1QMph0WbU4e2vkY0="
    },
    "@hapi/call": {
      "version": "8.0.1",
      "resolved": "https://registry.npm.taobao.org/@hapi/call/download/@hapi/call-8.0.1.tgz",
      "integrity": "sha1-nmTNi6YSjrW+bkMsqqVyse2M18A=",
      "requires": {
        "@hapi/boom": "9.x.x",
        "@hapi/hoek": "9.x.x"
      }
    },
    "@hapi/catbox": {
      "version": "11.1.1",
      "resolved": "https://registry.npm.taobao.org/@hapi/catbox/download/@hapi/catbox-11.1.1.tgz",
      "integrity": "sha1-0nfi1QI/1pzdsz0FsiTqAwZf7Aw=",
      "requires": {
        "@hapi/boom": "9.x.x",
        "@hapi/hoek": "9.x.x",
        "@hapi/podium": "4.x.x",
        "@hapi/validate": "1.x.x"
      }
    },
    "@hapi/catbox-memory": {
      "version": "5.0.0",
      "resolved": "https://registry.npm.taobao.org/@hapi/catbox-memory/download/@hapi/catbox-memory-5.0.0.tgz",
      "integrity": "sha1-bBja0agHN0gNHDO/vv1dAo3uyG0=",
      "requires": {
        "@hapi/boom": "9.x.x",
        "@hapi/hoek": "9.x.x"
      }
    },
    "@hapi/content": {
      "version": "5.0.2",
      "resolved": "https://registry.npm.taobao.org/@hapi/content/download/@hapi/content-5.0.2.tgz",
      "integrity": "sha1-rleVR2HeVwOSdj5kzddfB0F2qAQ=",
      "requires": {
        "@hapi/boom": "9.x.x"
      }
    },
    "@hapi/cryptiles": {
      "version": "5.1.0",
      "resolved": "https://registry.npm.taobao.org/@hapi/cryptiles/download/@hapi/cryptiles-5.1.0.tgz",
      "integrity": "sha1-ZV3ky7wFLJR/aWFIyDsYf8K+j0M=",
      "requires": {
        "@hapi/boom": "9.x.x"
      }
    },
    "@hapi/file": {
      "version": "2.0.0",
      "resolved": "https://registry.npm.taobao.org/@hapi/file/download/@hapi/file-2.0.0.tgz",
      "integrity": "sha1-Ls2jfRrp0weKZ8E7fahujDI337k="
    },
    "@hapi/hapi": {
      "version": "20.0.3",
      "resolved": "https://registry.npm.taobao.org/@hapi/hapi/download/@hapi/hapi-20.0.3.tgz",
      "integrity": "sha1-5yytRgOU5tLBX5xXq7XTMy3qJ+M=",
      "requires": {
        "@hapi/accept": "^5.0.1",
        "@hapi/ammo": "^5.0.1",
        "@hapi/boom": "9.x.x",
        "@hapi/bounce": "2.x.x",
        "@hapi/call": "8.x.x",
        "@hapi/catbox": "^11.1.1",
        "@hapi/catbox-memory": "5.x.x",
        "@hapi/heavy": "^7.0.1",
        "@hapi/hoek": "9.x.x",
        "@hapi/mimos": "5.x.x",
        "@hapi/podium": "^4.1.1",
        "@hapi/shot": "^5.0.1",
        "@hapi/somever": "3.x.x",
        "@hapi/statehood": "^7.0.3",
        "@hapi/subtext": "^7.0.3",
        "@hapi/teamwork": "5.x.x",
        "@hapi/topo": "5.x.x",
        "@hapi/validate": "^1.1.0"
      }
    },
    "@hapi/heavy": {
      "version": "7.0.1",
      "resolved": "https://registry.npm.taobao.org/@hapi/heavy/download/@hapi/heavy-7.0.1.tgz",
      "integrity": "sha1-czFa4ztudoKgkGt6EejKcOMEWHQ=",
      "requires": {
        "@hapi/boom": "9.x.x",
        "@hapi/hoek": "9.x.x",
        "@hapi/validate": "1.x.x"
      }
    },
    "@hapi/hoek": {
      "version": "9.1.0",
      "resolved": "https://registry.npm.taobao.org/@hapi/hoek/download/@hapi/hoek-9.1.0.tgz",
      "integrity": "sha1-bJ6vx4wVKSSPj02SsHmacStgUsY="
    },
    "@hapi/iron": {
      "version": "6.0.0",
      "resolved": "https://registry.npm.taobao.org/@hapi/iron/download/@hapi/iron-6.0.0.tgz",
      "integrity": "sha1-yj+RNs2mVb3WAo3gBF2g3j0UQ28=",
      "requires": {
        "@hapi/b64": "5.x.x",
        "@hapi/boom": "9.x.x",
        "@hapi/bourne": "2.x.x",
        "@hapi/cryptiles": "5.x.x",
        "@hapi/hoek": "9.x.x"
      }
    },
    "@hapi/mimos": {
      "version": "5.0.0",
      "resolved": "https://registry.npm.taobao.org/@hapi/mimos/download/@hapi/mimos-5.0.0.tgz",
      "integrity": "sha1-JFxsmLHMLBM5V1XHMDIbkT3gdOs=",
      "requires": {
        "@hapi/hoek": "9.x.x",
        "mime-db": "1.x.x"
      }
    },
    "@hapi/nigel": {
      "version": "4.0.2",
      "resolved": "https://registry.npm.taobao.org/@hapi/nigel/download/@hapi/nigel-4.0.2.tgz",
      "integrity": "sha1-j4TvS8pPsDsjdkY1ePJTsLjoY8Q=",
      "requires": {
        "@hapi/hoek": "^9.0.4",
        "@hapi/vise": "^4.0.0"
      }
    },
    "@hapi/pez": {
      "version": "5.0.3",
      "resolved": "https://registry.npm.taobao.org/@hapi/pez/download/@hapi/pez-5.0.3.tgz",
      "integrity": "sha1-t1RG5v74y7FoFlc6t9obBSLnoqE=",
      "requires": {
        "@hapi/b64": "5.x.x",
        "@hapi/boom": "9.x.x",
        "@hapi/content": "^5.0.2",
        "@hapi/hoek": "9.x.x",
        "@hapi/nigel": "4.x.x"
      }
    },
    "@hapi/podium": {
      "version": "4.1.1",
      "resolved": "https://registry.npm.taobao.org/@hapi/podium/download/@hapi/podium-4.1.1.tgz",
      "integrity": "sha1-EG5YSfLLGbh2fMFgB+AQfyfDx5E=",
      "requires": {
        "@hapi/hoek": "9.x.x",
        "@hapi/teamwork": "5.x.x",
        "@hapi/validate": "1.x.x"
      }
    },
    "@hapi/shot": {
      "version": "5.0.4",
      "resolved": "https://registry.npm.taobao.org/@hapi/shot/download/@hapi/shot-5.0.4.tgz",
      "integrity": "sha1-bJeDFPIaBUwEH0vsxQCV3XjT13U=",
      "requires": {
        "@hapi/hoek": "9.x.x",
        "@hapi/validate": "1.x.x"
      }
    },
    "@hapi/somever": {
      "version": "3.0.0",
      "resolved": "https://registry.npm.taobao.org/@hapi/somever/download/@hapi/somever-3.0.0.tgz",
      "integrity": "sha1-9OmxapSEFbkmtN2JgBNgKwy0V1g=",
      "requires": {
        "@hapi/bounce": "2.x.x",
        "@hapi/hoek": "9.x.x"
      }
    },
    "@hapi/statehood": {
      "version": "7.0.3",
      "resolved": "https://registry.npm.taobao.org/@hapi/statehood/download/@hapi/statehood-7.0.3.tgz",
      "integrity": "sha1-ZVFm83aDRO08O1A3WjA83sqAQNk=",
      "requires": {
        "@hapi/boom": "9.x.x",
        "@hapi/bounce": "2.x.x",
        "@hapi/bourne": "2.x.x",
        "@hapi/cryptiles": "5.x.x",
        "@hapi/hoek": "9.x.x",
        "@hapi/iron": "6.x.x",
        "@hapi/validate": "1.x.x"
      }
    },
    "@hapi/subtext": {
      "version": "7.0.3",
      "resolved": "https://registry.npm.taobao.org/@hapi/subtext/download/@hapi/subtext-7.0.3.tgz",
      "integrity": "sha1-90QPx8lmhY4fOWgemethccceer0=",
      "requires": {
        "@hapi/boom": "9.x.x",
        "@hapi/bourne": "2.x.x",
        "@hapi/content": "^5.0.2",
        "@hapi/file": "2.x.x",
        "@hapi/hoek": "9.x.x",
        "@hapi/pez": "^5.0.1",
        "@hapi/wreck": "17.x.x"
      }
    },
    "@hapi/teamwork": {
      "version": "5.1.0",
      "resolved": "https://registry.npm.taobao.org/@hapi/teamwork/download/@hapi/teamwork-5.1.0.tgz",
      "integrity": "sha1-eAGmH8cn9wL9IZbvdiXrTjifQSQ="
    },
    "@hapi/topo": {
      "version": "5.0.0",
      "resolved": "https://registry.npm.taobao.org/@hapi/topo/download/@hapi/topo-5.0.0.tgz",
      "integrity": "sha1-wZr4V3+jk6BunHe2CZWvlZvnIec=",
      "requires": {
        "@hapi/hoek": "^9.0.0"
      }
    },
    "@hapi/validate": {
      "version": "1.1.3",
      "resolved": "https://registry.npm.taobao.org/@hapi/validate/download/@hapi/validate-1.1.3.tgz",
      "integrity": "sha1-91CgcoOSngm1GqFr40r/tE4ZMa0=",
      "requires": {
        "@hapi/hoek": "^9.0.0",
        "@hapi/topo": "^5.0.0"
      }
    },
    "@hapi/vise": {
      "version": "4.0.0",
      "resolved": "https://registry.npm.taobao.org/@hapi/vise/download/@hapi/vise-4.0.0.tgz",
      "integrity": "sha1-xqlP4SG5SlO/medIn3/MdMEE2wI=",
      "requires": {
        "@hapi/hoek": "9.x.x"
      }
    },
    "@hapi/wreck": {
      "version": "17.1.0",
      "resolved": "https://registry.npm.taobao.org/@hapi/wreck/download/@hapi/wreck-17.1.0.tgz",
      "integrity": "sha1-+9w4DG8/ofgFLcYSstO2zj6I2+w=",
      "requires": {
        "@hapi/boom": "9.x.x",
        "@hapi/bourne": "2.x.x",
        "@hapi/hoek": "9.x.x"
      }
    },
    "mime-db": {
      "version": "1.45.0",
      "resolved": "https://registry.npm.taobao.org/mime-db/download/mime-db-1.45.0.tgz?cache=0&sync_timestamp=1600831210195&other_urls=https%3A%2F%2Fregistry.npm.taobao.org%2Fmime-db%2Fdownload%2Fmime-db-1.45.0.tgz",
      "integrity": "sha1-zO7aIczXw6dF66LezVXUtz54eeo="
    }
  }
}
